
Microsoft Visual Studio Solution File, Format Version 12.00
# Visual Studio Version 16
VisualStudioVersion = 16.0.28729.10
MinimumVisualStudioVersion = 10.0.40219.1
Project("{9A19103F-16F7-4668-BE54-9A1E7A4F7556}") = "01", "01\01.csproj", "{72B3B599-E7E5-4EEA-98C3-DE5E4A3E295F}"
EndProject
Project("{9A19103F-16F7-4668-BE54-9A1E7A4F7556}") = "02", "02\02.csproj", "{3772C7D4-B1B5-4AA4-82A7-F13773F22A44}"
EndProject
Project("{9A19103F-16F7-4668-BE54-9A1E7A4F7556}") = "03", "03\03.csproj", "{5ED2A653-7CE0-43E4-A5B9-CEF17ED45877}"
EndProject
Project("{9A19103F-16F7-4668-BE54-9A1E7A4F7556}") = "04", "04\04.csproj", "{02EFD359-891E-465B-A8AF-2E96E866A526}"
EndProject
Project("{9A19103F-16F7-4668-BE54-9A1E7A4F7556}") = "05", "05\05.csproj", "{02284048-031E-40C1-BD40-02D7C2925195}"
EndProject
Project("{9A19103F-16F7-4668-BE54-9A1E7A4F7556}") = "06", "06\06.csproj", "{CB80A521-FB33-4DA0-B489-764DF50E493F}"
EndProject
Project("{9A19103F-16F7-4668-BE54-9A1E7A4F7556}") = "07", "07\07.csproj", "{4D185CB1-95FC-458B-83DB-8DB7E63ABEE3}"
EndProject
Project("{9A19103F-16F7-4668-BE54-9A1E7A4F7556}") = "08", "08\08.csproj", "{E3FF5FC8-8074-48CE-B5A0-D9A3A4065E53}"
EndProject
Project("{9A19103F-16F7-4668-BE54-9A1E7A4F7556}") = "test1111111", "test1111111\test1111111.csproj", "{3A30D49F-F9AE-4500-A431-7DB3723B4DAA}"
EndProject
Global
	GlobalSection(SolutionConfigurationPlatforms) = preSolution
		Debug|Any CPU = Debug|Any CPU
		Release|Any CPU = Release|Any CPU
	EndGlobalSection
	GlobalSection(ProjectConfigurationPlatforms) = postSolution
		{72B3B599-E7E5-4EEA-98C3-DE5E4A3E295F}.Debug|Any CPU.ActiveCfg = Debug|Any CPU
		{72B3B599-E7E5-4EEA-98C3-DE5E4A3E295F}.Debug|Any CPU.Build.0 = Debug|Any CPU
		{72B3B599-E7E5-4EEA-98C3-DE5E4A3E295F}.Release|Any CPU.ActiveCfg = Release|Any CPU
		{72B3B599-E7E5-4EEA-98C3-DE5E4A3E295F}.Release|Any CPU.Build.0 = Release|Any CPU
		{3772C7D4-B1B5-4AA4-82A7-F13773F22A44}.Debug|Any CPU.ActiveCfg = Debug|Any CPU
		{3772C7D4-B1B5-4AA4-82A7-F13773F22A44}.Debug|Any CPU.Build.0 = Debug|Any CPU
		{3772C7D4-B1B5-4AA4-82A7-F13773F22A44}.Release|Any CPU.ActiveCfg = Release|Any CPU
		{3772C7D4-B1B5-4AA4-82A7-F13773F22A44}.Release|Any CPU.Build.0 = Release|Any CPU
		{5ED2A653-7CE0-43E4-A5B9-CEF17ED45877}.Debug|Any CPU.ActiveCfg = Debug|Any CPU
		{5ED2A653-7CE0-43E4-A5B9-CEF17ED45877}.Debug|Any CPU.Build.0 = Debug|Any CPU
		{5ED2A653-7CE0-43E4-A5B9-CEF17ED45877}.Release|Any CPU.ActiveCfg = Release|Any CPU
		{5ED2A653-7CE0-43E4-A5B9-CEF17ED45877}.Release|Any CPU.Build.0 = Release|Any CPU
		{02EFD359-891E-465B-A8AF-2E96E866A526}.Debug|Any CPU.ActiveCfg = Debug|Any CPU
		{02EFD359-891E-465B-A8AF-2E96E866A526}.Debug|Any CPU.Build.0 = Debug|Any CPU
		{02EFD359-891E-465B-A8AF-2E96E866A526}.Release|Any CPU.ActiveCfg = Release|Any CPU
		{02EFD359-891E-465B-A8AF-2E96E866A526}.Release|Any CPU.Build.0 = Release|Any CPU
		{02284048-031E-40C1-BD40-02D7C2925195}.Debug|Any CPU.ActiveCfg = Debug|Any CPU
		{02284048-031E-40C1-BD40-02D7C2925195}.Debug|Any CPU.Build.0 = Debug|Any CPU
		{02284048-031E-40C1-BD40-02D7C2925195}.Release|Any CPU.ActiveCfg = Release|Any CPU
		{02284048-031E-40C1-BD40-02D7C2925195}.Release|Any CPU.Build.0 = Release|Any CPU
		{CB80A521-FB33-4DA0-B489-764DF50E493F}.Debug|Any CPU.ActiveCfg = Debug|Any CPU
		{CB80A521-FB33-4DA0-B489-764DF50E493F}.Debug|Any CPU.Build.0 = Debug|Any CPU
		{CB80A521-FB33-4DA0-B489-764DF50E493F}.Release|Any CPU.ActiveCfg = Release|Any CPU
		{CB80A521-FB33-4DA0-B489-764DF50E493F}.Release|Any CPU.Build.0 = Release|Any CPU
		{4D185CB1-95FC-458B-83DB-8DB7E63ABEE3}.Debug|Any CPU.ActiveCfg = Debug|Any CPU
		{4D185CB1-95FC-458B-83DB-8DB7E63ABEE3}.Debug|Any CPU.Build.0 = Debug|Any CPU
		{4D185CB1-95FC-458B-83DB-8DB7E63ABEE3}.Release|Any CPU.ActiveCfg = Release|Any CPU
		{4D185CB1-95FC-458B-83DB-8DB7E63ABEE3}.Release|Any CPU.Build.0 = Release|Any CPU
		{E3FF5FC8-8074-48CE-B5A0-D9A3A4065E53}.Debug|Any CPU.ActiveCfg = Debug|Any CPU
		{E3FF5FC8-8074-48CE-B5A0-D9A3A4065E53}.Debug|Any CPU.Build.0 = Debug|Any CPU
		{E3FF5FC8-8074-48CE-B5A0-D9A3A4065E53}.Release|Any CPU.ActiveCfg = Release|Any CPU
		{E3FF5FC8-8074-48CE-B5A0-D9A3A4065E53}.Release|Any CPU.Build.0 = Release|Any CPU
		{3A30D49F-F9AE-4500-A431-7DB3723B4DAA}.Debug|Any CPU.ActiveCfg = Debug|Any CPU
		{3A30D49F-F9AE-4500-A431-7DB3723B4DAA}.Debug|Any CPU.Build.0 = Debug|Any CPU
		{3A30D49F-F9AE-4500-A431-7DB3723B4DAA}.Release|Any CPU.ActiveCfg = Release|Any CPU
		{3A30D49F-F9AE-4500-A431-7DB3723B4DAA}.Release|Any CPU.Build.0 = Release|Any CPU
	EndGlobalSection
	GlobalSection(SolutionProperties) = preSolution
		HideSolutionNode = FALSE
	EndGlobalSection
	GlobalSection(ExtensibilityGlobals) = postSolution
		SolutionGuid = {8FA12F06-9AD4-4A98-8740-51355AE0692B}
	EndGlobalSection
EndGlobal
