
Microsoft Visual Studio Solution File, Format Version 12.00
# Visual Studio 15
VisualStudioVersion = 15.0.28010.2046
MinimumVisualStudioVersion = 10.0.40219.1
Project("{9A19103F-16F7-4668-BE54-9A1E7A4F7556}") = "01", "01\01.csproj", "{D2CB5FA2-7C4B-4415-B3D0-94650B1F092F}"
EndProject
Project("{9A19103F-16F7-4668-BE54-9A1E7A4F7556}") = "02", "02\02.csproj", "{013A6105-D18B-48BA-8809-A43B45C1A95B}"
EndProject
Project("{9A19103F-16F7-4668-BE54-9A1E7A4F7556}") = "03", "03\03.csproj", "{0F95945E-B1FE-4A2C-84D2-2615A8A2773A}"
EndProject
Project("{9A19103F-16F7-4668-BE54-9A1E7A4F7556}") = "04", "04\04.csproj", "{6EAA3340-C192-4A5F-85CF-7B4ACD8B4AEF}"
EndProject
Project("{9A19103F-16F7-4668-BE54-9A1E7A4F7556}") = "05", "05\05.csproj", "{8337CF4A-F929-4F16-A723-54CE43393206}"
EndProject
Project("{9A19103F-16F7-4668-BE54-9A1E7A4F7556}") = "06", "06\06.csproj", "{1685CA18-1C0C-44E0-830C-F6E29EEA2260}"
EndProject
Project("{9A19103F-16F7-4668-BE54-9A1E7A4F7556}") = "07", "07\07.csproj", "{DE51259A-8111-40A6-A872-F64B6A5F4871}"
EndProject
Project("{9A19103F-16F7-4668-BE54-9A1E7A4F7556}") = "08", "08\08.csproj", "{CCCBC285-448B-4F54-9B8B-B61259201E84}"
EndProject
Project("{9A19103F-16F7-4668-BE54-9A1E7A4F7556}") = "09", "09\09.csproj", "{E3F941A8-632D-46E4-9E44-B005B379874E}"
EndProject
Project("{9A19103F-16F7-4668-BE54-9A1E7A4F7556}") = "10", "10\10.csproj", "{DDACCFD9-F9A6-4B6E-A02B-702943593EA1}"
EndProject
Project("{9A19103F-16F7-4668-BE54-9A1E7A4F7556}") = "11", "11\11.csproj", "{2B711E1D-2312-4F14-A1B4-D568DE24BD42}"
EndProject
Project("{FAE04EC0-301F-11D3-BF4B-00C04F79EFBC}") = "test", "test\test.csproj", "{7A489233-EAA3-4B2A-A776-4B0087B65550}"
EndProject
Project("{FAE04EC0-301F-11D3-BF4B-00C04F79EFBC}") = "test1111", "test1111\test1111.csproj", "{99B0699C-1850-4173-A4D9-AD959FE0C856}"
EndProject
Global
	GlobalSection(SolutionConfigurationPlatforms) = preSolution
		Debug|Any CPU = Debug|Any CPU
		Release|Any CPU = Release|Any CPU
	EndGlobalSection
	GlobalSection(ProjectConfigurationPlatforms) = postSolution
		{D2CB5FA2-7C4B-4415-B3D0-94650B1F092F}.Debug|Any CPU.ActiveCfg = Debug|Any CPU
		{D2CB5FA2-7C4B-4415-B3D0-94650B1F092F}.Debug|Any CPU.Build.0 = Debug|Any CPU
		{D2CB5FA2-7C4B-4415-B3D0-94650B1F092F}.Release|Any CPU.ActiveCfg = Release|Any CPU
		{D2CB5FA2-7C4B-4415-B3D0-94650B1F092F}.Release|Any CPU.Build.0 = Release|Any CPU
		{013A6105-D18B-48BA-8809-A43B45C1A95B}.Debug|Any CPU.ActiveCfg = Debug|Any CPU
		{013A6105-D18B-48BA-8809-A43B45C1A95B}.Debug|Any CPU.Build.0 = Debug|Any CPU
		{013A6105-D18B-48BA-8809-A43B45C1A95B}.Release|Any CPU.ActiveCfg = Release|Any CPU
		{013A6105-D18B-48BA-8809-A43B45C1A95B}.Release|Any CPU.Build.0 = Release|Any CPU
		{0F95945E-B1FE-4A2C-84D2-2615A8A2773A}.Debug|Any CPU.ActiveCfg = Debug|Any CPU
		{0F95945E-B1FE-4A2C-84D2-2615A8A2773A}.Debug|Any CPU.Build.0 = Debug|Any CPU
		{0F95945E-B1FE-4A2C-84D2-2615A8A2773A}.Release|Any CPU.ActiveCfg = Release|Any CPU
		{0F95945E-B1FE-4A2C-84D2-2615A8A2773A}.Release|Any CPU.Build.0 = Release|Any CPU
		{6EAA3340-C192-4A5F-85CF-7B4ACD8B4AEF}.Debug|Any CPU.ActiveCfg = Debug|Any CPU
		{6EAA3340-C192-4A5F-85CF-7B4ACD8B4AEF}.Debug|Any CPU.Build.0 = Debug|Any CPU
		{6EAA3340-C192-4A5F-85CF-7B4ACD8B4AEF}.Release|Any CPU.ActiveCfg = Release|Any CPU
		{6EAA3340-C192-4A5F-85CF-7B4ACD8B4AEF}.Release|Any CPU.Build.0 = Release|Any CPU
		{8337CF4A-F929-4F16-A723-54CE43393206}.Debug|Any CPU.ActiveCfg = Debug|Any CPU
		{8337CF4A-F929-4F16-A723-54CE43393206}.Debug|Any CPU.Build.0 = Debug|Any CPU
		{8337CF4A-F929-4F16-A723-54CE43393206}.Release|Any CPU.ActiveCfg = Release|Any CPU
		{8337CF4A-F929-4F16-A723-54CE43393206}.Release|Any CPU.Build.0 = Release|Any CPU
		{1685CA18-1C0C-44E0-830C-F6E29EEA2260}.Debug|Any CPU.ActiveCfg = Debug|Any CPU
		{1685CA18-1C0C-44E0-830C-F6E29EEA2260}.Debug|Any CPU.Build.0 = Debug|Any CPU
		{1685CA18-1C0C-44E0-830C-F6E29EEA2260}.Release|Any CPU.ActiveCfg = Release|Any CPU
		{1685CA18-1C0C-44E0-830C-F6E29EEA2260}.Release|Any CPU.Build.0 = Release|Any CPU
		{DE51259A-8111-40A6-A872-F64B6A5F4871}.Debug|Any CPU.ActiveCfg = Debug|Any CPU
		{DE51259A-8111-40A6-A872-F64B6A5F4871}.Debug|Any CPU.Build.0 = Debug|Any CPU
		{DE51259A-8111-40A6-A872-F64B6A5F4871}.Release|Any CPU.ActiveCfg = Release|Any CPU
		{DE51259A-8111-40A6-A872-F64B6A5F4871}.Release|Any CPU.Build.0 = Release|Any CPU
		{CCCBC285-448B-4F54-9B8B-B61259201E84}.Debug|Any CPU.ActiveCfg = Debug|Any CPU
		{CCCBC285-448B-4F54-9B8B-B61259201E84}.Debug|Any CPU.Build.0 = Debug|Any CPU
		{CCCBC285-448B-4F54-9B8B-B61259201E84}.Release|Any CPU.ActiveCfg = Release|Any CPU
		{CCCBC285-448B-4F54-9B8B-B61259201E84}.Release|Any CPU.Build.0 = Release|Any CPU
		{E3F941A8-632D-46E4-9E44-B005B379874E}.Debug|Any CPU.ActiveCfg = Debug|Any CPU
		{E3F941A8-632D-46E4-9E44-B005B379874E}.Debug|Any CPU.Build.0 = Debug|Any CPU
		{E3F941A8-632D-46E4-9E44-B005B379874E}.Release|Any CPU.ActiveCfg = Release|Any CPU
		{E3F941A8-632D-46E4-9E44-B005B379874E}.Release|Any CPU.Build.0 = Release|Any CPU
		{DDACCFD9-F9A6-4B6E-A02B-702943593EA1}.Debug|Any CPU.ActiveCfg = Debug|Any CPU
		{DDACCFD9-F9A6-4B6E-A02B-702943593EA1}.Debug|Any CPU.Build.0 = Debug|Any CPU
		{DDACCFD9-F9A6-4B6E-A02B-702943593EA1}.Release|Any CPU.ActiveCfg = Release|Any CPU
		{DDACCFD9-F9A6-4B6E-A02B-702943593EA1}.Release|Any CPU.Build.0 = Release|Any CPU
		{2B711E1D-2312-4F14-A1B4-D568DE24BD42}.Debug|Any CPU.ActiveCfg = Debug|Any CPU
		{2B711E1D-2312-4F14-A1B4-D568DE24BD42}.Debug|Any CPU.Build.0 = Debug|Any CPU
		{2B711E1D-2312-4F14-A1B4-D568DE24BD42}.Release|Any CPU.ActiveCfg = Release|Any CPU
		{2B711E1D-2312-4F14-A1B4-D568DE24BD42}.Release|Any CPU.Build.0 = Release|Any CPU
		{7A489233-EAA3-4B2A-A776-4B0087B65550}.Debug|Any CPU.ActiveCfg = Debug|Any CPU
		{7A489233-EAA3-4B2A-A776-4B0087B65550}.Debug|Any CPU.Build.0 = Debug|Any CPU
		{7A489233-EAA3-4B2A-A776-4B0087B65550}.Release|Any CPU.ActiveCfg = Release|Any CPU
		{7A489233-EAA3-4B2A-A776-4B0087B65550}.Release|Any CPU.Build.0 = Release|Any CPU
		{99B0699C-1850-4173-A4D9-AD959FE0C856}.Debug|Any CPU.ActiveCfg = Debug|Any CPU
		{99B0699C-1850-4173-A4D9-AD959FE0C856}.Debug|Any CPU.Build.0 = Debug|Any CPU
		{99B0699C-1850-4173-A4D9-AD959FE0C856}.Release|Any CPU.ActiveCfg = Release|Any CPU
		{99B0699C-1850-4173-A4D9-AD959FE0C856}.Release|Any CPU.Build.0 = Release|Any CPU
	EndGlobalSection
	GlobalSection(SolutionProperties) = preSolution
		HideSolutionNode = FALSE
	EndGlobalSection
	GlobalSection(ExtensibilityGlobals) = postSolution
		SolutionGuid = {0BE4E156-2AB6-4BC8-99DE-4ADE47341AAC}
	EndGlobalSection
EndGlobal
